// !$*UTF8*$!
{
	archiveVersion = 1;
	classes = {
	};
	objectVersion = 56;
	objects = {

/* Begin PBXBuildFile section */
		DA01068D29EC1AF00089EF46 /* CompanionView.swift in Sources */ = {isa = PBXBuildFile; fileRef = DA01068C29EC1AF00089EF46 /* CompanionView.swift */; };
		DA01069329EC4F210089EF46 /* RotatingProgressView.swift in Sources */ = {isa = PBXBuildFile; fileRef = DA01069229EC4F210089EF46 /* RotatingProgressView.swift */; };
		DA01069829EC54720089EF46 /* QuickUserView.swift in Sources */ = {isa = PBXBuildFile; fileRef = DA01069729EC54720089EF46 /* QuickUserView.swift */; };
		DA01069D29EC61160089EF46 /* AccessTokenModel.swift in Sources */ = {isa = PBXBuildFile; fileRef = DA01069C29EC61160089EF46 /* AccessTokenModel.swift */; };
		DA0F822F29F03D31004641E0 /* UserFull.swift in Sources */ = {isa = PBXBuildFile; fileRef = DA0F822E29F03D31004641E0 /* UserFull.swift */; };
		DA0F823329F041A7004641E0 /* UserView.swift in Sources */ = {isa = PBXBuildFile; fileRef = DA0F823229F041A7004641E0 /* UserView.swift */; };
		DA0F823929F2E060004641E0 /* SVGKit in Frameworks */ = {isa = PBXBuildFile; productRef = DA0F823829F2E060004641E0 /* SVGKit */; };
		DA0F823B29F2E060004641E0 /* SVGKitSwift in Frameworks */ = {isa = PBXBuildFile; productRef = DA0F823A29F2E060004641E0 /* SVGKitSwift */; };
		DA0F823E29F2E5CE004641E0 /* SDWebImageSwiftUI in Frameworks */ = {isa = PBXBuildFile; productRef = DA0F823D29F2E5CE004641E0 /* SDWebImageSwiftUI */; };
		DA0F824029F460BB004641E0 /* ViewModel.swift in Sources */ = {isa = PBXBuildFile; fileRef = DA0F823F29F460BB004641E0 /* ViewModel.swift */; };
		DA0F824229F542CC004641E0 /* UserShortResponse.swift in Sources */ = {isa = PBXBuildFile; fileRef = DA0F824129F542CC004641E0 /* UserShortResponse.swift */; };
		DA0F824429F5A41F004641E0 /* UserFullResponse.swift in Sources */ = {isa = PBXBuildFile; fileRef = DA0F824329F5A41F004641E0 /* UserFullResponse.swift */; };
		DA0F824629F5AE9A004641E0 /* ErrorView.swift in Sources */ = {isa = PBXBuildFile; fileRef = DA0F824529F5AE9A004641E0 /* ErrorView.swift */; };
		DA0F824929F6846E004641E0 /* ProjectsView.swift in Sources */ = {isa = PBXBuildFile; fileRef = DA0F824829F6846E004641E0 /* ProjectsView.swift */; };
		DA0F824C29F68680004641E0 /* Dates Extension.swift in Sources */ = {isa = PBXBuildFile; fileRef = DA0F824B29F68680004641E0 /* Dates Extension.swift */; };
		DAB4970329E6D33E00876515 /* network.swift in Sources */ = {isa = PBXBuildFile; fileRef = DAB4970229E6D33E00876515 /* network.swift */; };
		DABBC83529E2FAB00091AF7B /* companions_swiftUIApp.swift in Sources */ = {isa = PBXBuildFile; fileRef = DABBC83429E2FAB00091AF7B /* companions_swiftUIApp.swift */; };
		DABBC83929E2FAB20091AF7B /* Assets.xcassets in Resources */ = {isa = PBXBuildFile; fileRef = DABBC83829E2FAB20091AF7B /* Assets.xcassets */; };
		DABBC83C29E2FAB20091AF7B /* Preview Assets.xcassets in Resources */ = {isa = PBXBuildFile; fileRef = DABBC83B29E2FAB20091AF7B /* Preview Assets.xcassets */; };
		DABBC84629E330F10091AF7B /* Alamofire in Frameworks */ = {isa = PBXBuildFile; productRef = DABBC84529E330F10091AF7B /* Alamofire */; };
		DABBC84829E58A330091AF7B /* BackgroundView.swift in Sources */ = {isa = PBXBuildFile; fileRef = DABBC84729E58A330091AF7B /* BackgroundView.swift */; };
/* End PBXBuildFile section */

/* Begin PBXFileReference section */
		DA01068C29EC1AF00089EF46 /* CompanionView.swift */ = {isa = PBXFileReference; lastKnownFileType = sourcecode.swift; path = CompanionView.swift; sourceTree = "<group>"; };
		DA01069229EC4F210089EF46 /* RotatingProgressView.swift */ = {isa = PBXFileReference; lastKnownFileType = sourcecode.swift; path = RotatingProgressView.swift; sourceTree = "<group>"; };
		DA01069729EC54720089EF46 /* QuickUserView.swift */ = {isa = PBXFileReference; lastKnownFileType = sourcecode.swift; path = QuickUserView.swift; sourceTree = "<group>"; };
		DA01069C29EC61160089EF46 /* AccessTokenModel.swift */ = {isa = PBXFileReference; lastKnownFileType = sourcecode.swift; path = AccessTokenModel.swift; sourceTree = "<group>"; };
		DA0F822E29F03D31004641E0 /* UserFull.swift */ = {isa = PBXFileReference; lastKnownFileType = sourcecode.swift; path = UserFull.swift; sourceTree = "<group>"; };
		DA0F823229F041A7004641E0 /* UserView.swift */ = {isa = PBXFileReference; lastKnownFileType = sourcecode.swift; path = UserView.swift; sourceTree = "<group>"; };
		DA0F823F29F460BB004641E0 /* ViewModel.swift */ = {isa = PBXFileReference; lastKnownFileType = sourcecode.swift; path = ViewModel.swift; sourceTree = "<group>"; };
		DA0F824129F542CC004641E0 /* UserShortResponse.swift */ = {isa = PBXFileReference; lastKnownFileType = sourcecode.swift; path = UserShortResponse.swift; sourceTree = "<group>"; };
		DA0F824329F5A41F004641E0 /* UserFullResponse.swift */ = {isa = PBXFileReference; lastKnownFileType = sourcecode.swift; path = UserFullResponse.swift; sourceTree = "<group>"; };
		DA0F824529F5AE9A004641E0 /* ErrorView.swift */ = {isa = PBXFileReference; lastKnownFileType = sourcecode.swift; path = ErrorView.swift; sourceTree = "<group>"; };
		DA0F824829F6846E004641E0 /* ProjectsView.swift */ = {isa = PBXFileReference; lastKnownFileType = sourcecode.swift; path = ProjectsView.swift; sourceTree = "<group>"; };
		DA0F824B29F68680004641E0 /* Dates Extension.swift */ = {isa = PBXFileReference; lastKnownFileType = sourcecode.swift; path = "Dates Extension.swift"; sourceTree = "<group>"; };
		DAB4970229E6D33E00876515 /* network.swift */ = {isa = PBXFileReference; lastKnownFileType = sourcecode.swift; path = network.swift; sourceTree = "<group>"; };
		DABBC83129E2FAB00091AF7B /* companions_swiftUI.app */ = {isa = PBXFileReference; explicitFileType = wrapper.application; includeInIndex = 0; path = companions_swiftUI.app; sourceTree = BUILT_PRODUCTS_DIR; };
		DABBC83429E2FAB00091AF7B /* companions_swiftUIApp.swift */ = {isa = PBXFileReference; lastKnownFileType = sourcecode.swift; path = companions_swiftUIApp.swift; sourceTree = "<group>"; };
		DABBC83829E2FAB20091AF7B /* Assets.xcassets */ = {isa = PBXFileReference; lastKnownFileType = folder.assetcatalog; path = Assets.xcassets; sourceTree = "<group>"; };
		DABBC83B29E2FAB20091AF7B /* Preview Assets.xcassets */ = {isa = PBXFileReference; lastKnownFileType = folder.assetcatalog; path = "Preview Assets.xcassets"; sourceTree = "<group>"; };
		DABBC84729E58A330091AF7B /* BackgroundView.swift */ = {isa = PBXFileReference; lastKnownFileType = sourcecode.swift; path = BackgroundView.swift; sourceTree = "<group>"; };
/* End PBXFileReference section */

/* Begin PBXFrameworksBuildPhase section */
		DABBC82E29E2FAB00091AF7B /* Frameworks */ = {
			isa = PBXFrameworksBuildPhase;
			buildActionMask = 2147483647;
			files = (
				DA0F823E29F2E5CE004641E0 /* SDWebImageSwiftUI in Frameworks */,
				DA0F823B29F2E060004641E0 /* SVGKitSwift in Frameworks */,
				DA0F823929F2E060004641E0 /* SVGKit in Frameworks */,
				DABBC84629E330F10091AF7B /* Alamofire in Frameworks */,
			);
			runOnlyForDeploymentPostprocessing = 0;
		};
/* End PBXFrameworksBuildPhase section */

/* Begin PBXGroup section */
		DA01069429EC4F620089EF46 /* Views */ = {
			isa = PBXGroup;
			children = (
				DA01068C29EC1AF00089EF46 /* CompanionView.swift */,
				DA0F824829F6846E004641E0 /* ProjectsView.swift */,
				DA0F823229F041A7004641E0 /* UserView.swift */,
				DA0F824729F5AEDA004641E0 /* UserViewAdditionalViews */,
				DA01069529EC4F870089EF46 /* CompanionAdditionalViews */,
			);
			path = Views;
			sourceTree = "<group>";
		};
		DA01069529EC4F870089EF46 /* CompanionAdditionalViews */ = {
			isa = PBXGroup;
			children = (
				DA01069729EC54720089EF46 /* QuickUserView.swift */,
				DA0F824529F5AE9A004641E0 /* ErrorView.swift */,
				DABBC84729E58A330091AF7B /* BackgroundView.swift */,
				DA01069229EC4F210089EF46 /* RotatingProgressView.swift */,
			);
			path = CompanionAdditionalViews;
			sourceTree = "<group>";
		};
		DA01069929EC5BEA0089EF46 /* model */ = {
			isa = PBXGroup;
			children = (
				DA0F824A29F68629004641E0 /* Additional functions */,
				DA01069C29EC61160089EF46 /* AccessTokenModel.swift */,
				DA0F824129F542CC004641E0 /* UserShortResponse.swift */,
				DA0F824329F5A41F004641E0 /* UserFullResponse.swift */,
				DA0F822E29F03D31004641E0 /* UserFull.swift */,
			);
			path = model;
			sourceTree = "<group>";
		};
		DA0F824729F5AEDA004641E0 /* UserViewAdditionalViews */ = {
			isa = PBXGroup;
			children = (
			);
			path = UserViewAdditionalViews;
			sourceTree = "<group>";
		};
		DA0F824A29F68629004641E0 /* Additional functions */ = {
			isa = PBXGroup;
			children = (
				DA0F824B29F68680004641E0 /* Dates Extension.swift */,
			);
			path = "Additional functions";
			sourceTree = "<group>";
		};
		DABBC82829E2FAB00091AF7B = {
			isa = PBXGroup;
			children = (
				DABBC83329E2FAB00091AF7B /* companions_swiftUI */,
				DABBC83229E2FAB00091AF7B /* Products */,
			);
			sourceTree = "<group>";
		};
		DABBC83229E2FAB00091AF7B /* Products */ = {
			isa = PBXGroup;
			children = (
				DABBC83129E2FAB00091AF7B /* companions_swiftUI.app */,
			);
			name = Products;
			sourceTree = "<group>";
		};
		DABBC83329E2FAB00091AF7B /* companions_swiftUI */ = {
			isa = PBXGroup;
			children = (
				DA01069929EC5BEA0089EF46 /* model */,
				DA01069429EC4F620089EF46 /* Views */,
				DABBC83429E2FAB00091AF7B /* companions_swiftUIApp.swift */,
				DA0F823F29F460BB004641E0 /* ViewModel.swift */,
				DAB4970229E6D33E00876515 /* network.swift */,
				DABBC83829E2FAB20091AF7B /* Assets.xcassets */,
				DABBC83A29E2FAB20091AF7B /* Preview Content */,
			);
			path = companions_swiftUI;
			sourceTree = "<group>";
		};
		DABBC83A29E2FAB20091AF7B /* Preview Content */ = {
			isa = PBXGroup;
			children = (
				DABBC83B29E2FAB20091AF7B /* Preview Assets.xcassets */,
			);
			path = "Preview Content";
			sourceTree = "<group>";
		};
/* End PBXGroup section */

/* Begin PBXNativeTarget section */
		DABBC83029E2FAB00091AF7B /* companions_swiftUI */ = {
			isa = PBXNativeTarget;
			buildConfigurationList = DABBC83F29E2FAB20091AF7B /* Build configuration list for PBXNativeTarget "companions_swiftUI" */;
			buildPhases = (
				DABBC82D29E2FAB00091AF7B /* Sources */,
				DABBC82E29E2FAB00091AF7B /* Frameworks */,
				DABBC82F29E2FAB00091AF7B /* Resources */,
			);
			buildRules = (
			);
			dependencies = (
			);
			name = companions_swiftUI;
			packageProductDependencies = (
				DABBC84529E330F10091AF7B /* Alamofire */,
				DA0F823829F2E060004641E0 /* SVGKit */,
				DA0F823A29F2E060004641E0 /* SVGKitSwift */,
				DA0F823D29F2E5CE004641E0 /* SDWebImageSwiftUI */,
			);
			productName = companions_swiftUI;
			productReference = DABBC83129E2FAB00091AF7B /* companions_swiftUI.app */;
			productType = "com.apple.product-type.application";
		};
/* End PBXNativeTarget section */

/* Begin PBXProject section */
		DABBC82929E2FAB00091AF7B /* Project object */ = {
			isa = PBXProject;
			attributes = {
				BuildIndependentTargetsInParallel = 1;
				LastSwiftUpdateCheck = 1420;
				LastUpgradeCheck = 1420;
				TargetAttributes = {
					DABBC83029E2FAB00091AF7B = {
						CreatedOnToolsVersion = 14.2;
					};
				};
			};
			buildConfigurationList = DABBC82C29E2FAB00091AF7B /* Build configuration list for PBXProject "companions_swiftUI" */;
			compatibilityVersion = "Xcode 14.0";
			developmentRegion = en;
			hasScannedForEncodings = 0;
			knownRegions = (
				en,
				Base,
			);
			mainGroup = DABBC82829E2FAB00091AF7B;
			packageReferences = (
				DABBC84429E330F10091AF7B /* XCRemoteSwiftPackageReference "Alamofire" */,
				DA0F823729F2E05F004641E0 /* XCRemoteSwiftPackageReference "SVGKit" */,
				DA0F823C29F2E5CE004641E0 /* XCRemoteSwiftPackageReference "SDWebImageSwiftUI" */,
			);
			productRefGroup = DABBC83229E2FAB00091AF7B /* Products */;
			projectDirPath = "";
			projectRoot = "";
			targets = (
				DABBC83029E2FAB00091AF7B /* companions_swiftUI */,
			);
		};
/* End PBXProject section */

/* Begin PBXResourcesBuildPhase section */
		DABBC82F29E2FAB00091AF7B /* Resources */ = {
			isa = PBXResourcesBuildPhase;
			buildActionMask = 2147483647;
			files = (
				DABBC83C29E2FAB20091AF7B /* Preview Assets.xcassets in Resources */,
				DABBC83929E2FAB20091AF7B /* Assets.xcassets in Resources */,
			);
			runOnlyForDeploymentPostprocessing = 0;
		};
/* End PBXResourcesBuildPhase section */

/* Begin PBXSourcesBuildPhase section */
		DABBC82D29E2FAB00091AF7B /* Sources */ = {
			isa = PBXSourcesBuildPhase;
			buildActionMask = 2147483647;
			files = (
				DA0F824C29F68680004641E0 /* Dates Extension.swift in Sources */,
				DA01069D29EC61160089EF46 /* AccessTokenModel.swift in Sources */,
				DA0F824229F542CC004641E0 /* UserShortResponse.swift in Sources */,
				DA01069829EC54720089EF46 /* QuickUserView.swift in Sources */,
				DA0F822F29F03D31004641E0 /* UserFull.swift in Sources */,
				DA0F824929F6846E004641E0 /* ProjectsView.swift in Sources */,
				DA0F824029F460BB004641E0 /* ViewModel.swift in Sources */,
				DAB4970329E6D33E00876515 /* network.swift in Sources */,
				DA01068D29EC1AF00089EF46 /* CompanionView.swift in Sources */,
				DA0F824429F5A41F004641E0 /* UserFullResponse.swift in Sources */,
				DA01069329EC4F210089EF46 /* RotatingProgressView.swift in Sources */,
				DABBC84829E58A330091AF7B /* BackgroundView.swift in Sources */,
				DA0F823329F041A7004641E0 /* UserView.swift in Sources */,
				DA0F824629F5AE9A004641E0 /* ErrorView.swift in Sources */,
				DABBC83529E2FAB00091AF7B /* companions_swiftUIApp.swift in Sources */,
			);
			runOnlyForDeploymentPostprocessing = 0;
		};
/* End PBXSourcesBuildPhase section */

/* Begin XCBuildConfiguration section */
		DABBC83D29E2FAB20091AF7B /* Debug */ = {
			isa = XCBuildConfiguration;
			buildSettings = {
				ALWAYS_SEARCH_USER_PATHS = NO;
				CLANG_ANALYZER_NONNULL = YES;
				CLANG_ANALYZER_NUMBER_OBJECT_CONVERSION = YES_AGGRESSIVE;
				CLANG_CXX_LANGUAGE_STANDARD = "gnu++20";
				CLANG_ENABLE_MODULES = YES;
				CLANG_ENABLE_OBJC_ARC = YES;
				CLANG_ENABLE_OBJC_WEAK = YES;
				CLANG_WARN_BLOCK_CAPTURE_AUTORELEASING = YES;
				CLANG_WARN_BOOL_CONVERSION = YES;
				CLANG_WARN_COMMA = YES;
				CLANG_WARN_CONSTANT_CONVERSION = YES;
				CLANG_WARN_DEPRECATED_OBJC_IMPLEMENTATIONS = YES;
				CLANG_WARN_DIRECT_OBJC_ISA_USAGE = YES_ERROR;
				CLANG_WARN_DOCUMENTATION_COMMENTS = YES;
				CLANG_WARN_EMPTY_BODY = YES;
				CLANG_WARN_ENUM_CONVERSION = YES;
				CLANG_WARN_INFINITE_RECURSION = YES;
				CLANG_WARN_INT_CONVERSION = YES;
				CLANG_WARN_NON_LITERAL_NULL_CONVERSION = YES;
				CLANG_WARN_OBJC_IMPLICIT_RETAIN_SELF = YES;
				CLANG_WARN_OBJC_LITERAL_CONVERSION = YES;
				CLANG_WARN_OBJC_ROOT_CLASS = YES_ERROR;
				CLANG_WARN_QUOTED_INCLUDE_IN_FRAMEWORK_HEADER = YES;
				CLANG_WARN_RANGE_LOOP_ANALYSIS = YES;
				CLANG_WARN_STRICT_PROTOTYPES = YES;
				CLANG_WARN_SUSPICIOUS_MOVE = YES;
				CLANG_WARN_UNGUARDED_AVAILABILITY = YES_AGGRESSIVE;
				CLANG_WARN_UNREACHABLE_CODE = YES;
				CLANG_WARN__DUPLICATE_METHOD_MATCH = YES;
				COPY_PHASE_STRIP = NO;
				DEBUG_INFORMATION_FORMAT = dwarf;
				ENABLE_STRICT_OBJC_MSGSEND = YES;
				ENABLE_TESTABILITY = YES;
				GCC_C_LANGUAGE_STANDARD = gnu11;
				GCC_DYNAMIC_NO_PIC = NO;
				GCC_NO_COMMON_BLOCKS = YES;
				GCC_OPTIMIZATION_LEVEL = 0;
				GCC_PREPROCESSOR_DEFINITIONS = (
					"DEBUG=1",
					"$(inherited)",
				);
				GCC_WARN_64_TO_32_BIT_CONVERSION = YES;
				GCC_WARN_ABOUT_RETURN_TYPE = YES_ERROR;
				GCC_WARN_UNDECLARED_SELECTOR = YES;
				GCC_WARN_UNINITIALIZED_AUTOS = YES_AGGRESSIVE;
				GCC_WARN_UNUSED_FUNCTION = YES;
				GCC_WARN_UNUSED_VARIABLE = YES;
				IPHONEOS_DEPLOYMENT_TARGET = 16.2;
				MTL_ENABLE_DEBUG_INFO = INCLUDE_SOURCE;
				MTL_FAST_MATH = YES;
				ONLY_ACTIVE_ARCH = YES;
				SDKROOT = iphoneos;
				SWIFT_ACTIVE_COMPILATION_CONDITIONS = DEBUG;
				SWIFT_OPTIMIZATION_LEVEL = "-Onone";
			};
			name = Debug;
		};
		DABBC83E29E2FAB20091AF7B /* Release */ = {
			isa = XCBuildConfiguration;
			buildSettings = {
				ALWAYS_SEARCH_USER_PATHS = NO;
				CLANG_ANALYZER_NONNULL = YES;
				CLANG_ANALYZER_NUMBER_OBJECT_CONVERSION = YES_AGGRESSIVE;
				CLANG_CXX_LANGUAGE_STANDARD = "gnu++20";
				CLANG_ENABLE_MODULES = YES;
				CLANG_ENABLE_OBJC_ARC = YES;
				CLANG_ENABLE_OBJC_WEAK = YES;
				CLANG_WARN_BLOCK_CAPTURE_AUTORELEASING = YES;
				CLANG_WARN_BOOL_CONVERSION = YES;
				CLANG_WARN_COMMA = YES;
				CLANG_WARN_CONSTANT_CONVERSION = YES;
				CLANG_WARN_DEPRECATED_OBJC_IMPLEMENTATIONS = YES;
				CLANG_WARN_DIRECT_OBJC_ISA_USAGE = YES_ERROR;
				CLANG_WARN_DOCUMENTATION_COMMENTS = YES;
				CLANG_WARN_EMPTY_BODY = YES;
				CLANG_WARN_ENUM_CONVERSION = YES;
				CLANG_WARN_INFINITE_RECURSION = YES;
				CLANG_WARN_INT_CONVERSION = YES;
				CLANG_WARN_NON_LITERAL_NULL_CONVERSION = YES;
				CLANG_WARN_OBJC_IMPLICIT_RETAIN_SELF = YES;
				CLANG_WARN_OBJC_LITERAL_CONVERSION = YES;
				CLANG_WARN_OBJC_ROOT_CLASS = YES_ERROR;
				CLANG_WARN_QUOTED_INCLUDE_IN_FRAMEWORK_HEADER = YES;
				CLANG_WARN_RANGE_LOOP_ANALYSIS = YES;
				CLANG_WARN_STRICT_PROTOTYPES = YES;
				CLANG_WARN_SUSPICIOUS_MOVE = YES;
				CLANG_WARN_UNGUARDED_AVAILABILITY = YES_AGGRESSIVE;
				CLANG_WARN_UNREACHABLE_CODE = YES;
				CLANG_WARN__DUPLICATE_METHOD_MATCH = YES;
				COPY_PHASE_STRIP = NO;
				DEBUG_INFORMATION_FORMAT = "dwarf-with-dsym";
				ENABLE_NS_ASSERTIONS = NO;
				ENABLE_STRICT_OBJC_MSGSEND = YES;
				GCC_C_LANGUAGE_STANDARD = gnu11;
				GCC_NO_COMMON_BLOCKS = YES;
				GCC_WARN_64_TO_32_BIT_CONVERSION = YES;
				GCC_WARN_ABOUT_RETURN_TYPE = YES_ERROR;
				GCC_WARN_UNDECLARED_SELECTOR = YES;
				GCC_WARN_UNINITIALIZED_AUTOS = YES_AGGRESSIVE;
				GCC_WARN_UNUSED_FUNCTION = YES;
				GCC_WARN_UNUSED_VARIABLE = YES;
				IPHONEOS_DEPLOYMENT_TARGET = 16.2;
				MTL_ENABLE_DEBUG_INFO = NO;
				MTL_FAST_MATH = YES;
				SDKROOT = iphoneos;
				SWIFT_COMPILATION_MODE = wholemodule;
				SWIFT_OPTIMIZATION_LEVEL = "-O";
				VALIDATE_PRODUCT = YES;
			};
			name = Release;
		};
		DABBC84029E2FAB20091AF7B /* Debug */ = {
			isa = XCBuildConfiguration;
			buildSettings = {
				ASSETCATALOG_COMPILER_APPICON_NAME = AppIcon;
				ASSETCATALOG_COMPILER_GLOBAL_ACCENT_COLOR_NAME = AccentColor;
				CODE_SIGN_STYLE = Automatic;
				CURRENT_PROJECT_VERSION = 1;
				DEVELOPMENT_ASSET_PATHS = "\"companions_swiftUI/Preview Content\"";
				DEVELOPMENT_TEAM = BR8RG28KZ8;
				ENABLE_PREVIEWS = YES;
				GENERATE_INFOPLIST_FILE = YES;
				INFOPLIST_KEY_UIApplicationSceneManifest_Generation = YES;
				INFOPLIST_KEY_UIApplicationSupportsIndirectInputEvents = YES;
				INFOPLIST_KEY_UILaunchScreen_Generation = YES;
				INFOPLIST_KEY_UISupportedInterfaceOrientations_iPad = "UIInterfaceOrientationPortrait UIInterfaceOrientationPortraitUpsideDown UIInterfaceOrientationLandscapeLeft UIInterfaceOrientationLandscapeRight";
				INFOPLIST_KEY_UISupportedInterfaceOrientations_iPhone = "UIInterfaceOrientationPortrait UIInterfaceOrientationLandscapeLeft UIInterfaceOrientationLandscapeRight";
				LD_RUNPATH_SEARCH_PATHS = (
					"$(inherited)",
					"@executable_path/Frameworks",
				);
				MARKETING_VERSION = 1.0;
				PRODUCT_BUNDLE_IDENTIFIER = "Paul-Kraetsch.companions-swiftUI";
				PRODUCT_NAME = "$(TARGET_NAME)";
				SWIFT_EMIT_LOC_STRINGS = YES;
				SWIFT_VERSION = 5.0;
				TARGETED_DEVICE_FAMILY = "1,2";
			};
			name = Debug;
		};
		DABBC84129E2FAB20091AF7B /* Release */ = {
			isa = XCBuildConfiguration;
			buildSettings = {
				ASSETCATALOG_COMPILER_APPICON_NAME = AppIcon;
				ASSETCATALOG_COMPILER_GLOBAL_ACCENT_COLOR_NAME = AccentColor;
				CODE_SIGN_STYLE = Automatic;
				CURRENT_PROJECT_VERSION = 1;
				DEVELOPMENT_ASSET_PATHS = "\"companions_swiftUI/Preview Content\"";
				DEVELOPMENT_TEAM = BR8RG28KZ8;
				ENABLE_PREVIEWS = YES;
				GENERATE_INFOPLIST_FILE = YES;
				INFOPLIST_KEY_UIApplicationSceneManifest_Generation = YES;
				INFOPLIST_KEY_UIApplicationSupportsIndirectInputEvents = YES;
				INFOPLIST_KEY_UILaunchScreen_Generation = YES;
				INFOPLIST_KEY_UISupportedInterfaceOrientations_iPad = "UIInterfaceOrientationPortrait UIInterfaceOrientationPortraitUpsideDown UIInterfaceOrientationLandscapeLeft UIInterfaceOrientationLandscapeRight";
				INFOPLIST_KEY_UISupportedInterfaceOrientations_iPhone = "UIInterfaceOrientationPortrait UIInterfaceOrientationLandscapeLeft UIInterfaceOrientationLandscapeRight";
				LD_RUNPATH_SEARCH_PATHS = (
					"$(inherited)",
					"@executable_path/Frameworks",
				);
				MARKETING_VERSION = 1.0;
				PRODUCT_BUNDLE_IDENTIFIER = "Paul-Kraetsch.companions-swiftUI";
				PRODUCT_NAME = "$(TARGET_NAME)";
				SWIFT_EMIT_LOC_STRINGS = YES;
				SWIFT_VERSION = 5.0;
				TARGETED_DEVICE_FAMILY = "1,2";
			};
			name = Release;
		};
/* End XCBuildConfiguration section */

/* Begin XCConfigurationList section */
		DABBC82C29E2FAB00091AF7B /* Build configuration list for PBXProject "companions_swiftUI" */ = {
			isa = XCConfigurationList;
			buildConfigurations = (
				DABBC83D29E2FAB20091AF7B /* Debug */,
				DABBC83E29E2FAB20091AF7B /* Release */,
			);
			defaultConfigurationIsVisible = 0;
			defaultConfigurationName = Release;
		};
		DABBC83F29E2FAB20091AF7B /* Build configuration list for PBXNativeTarget "companions_swiftUI" */ = {
			isa = XCConfigurationList;
			buildConfigurations = (
				DABBC84029E2FAB20091AF7B /* Debug */,
				DABBC84129E2FAB20091AF7B /* Release */,
			);
			defaultConfigurationIsVisible = 0;
			defaultConfigurationName = Release;
		};
/* End XCConfigurationList section */

/* Begin XCRemoteSwiftPackageReference section */
		DA0F823729F2E05F004641E0 /* XCRemoteSwiftPackageReference "SVGKit" */ = {
			isa = XCRemoteSwiftPackageReference;
			repositoryURL = "https://github.com/SVGKit/SVGKit.git";
			requirement = {
				kind = upToNextMajorVersion;
				minimumVersion = 3.0.0;
			};
		};
		DA0F823C29F2E5CE004641E0 /* XCRemoteSwiftPackageReference "SDWebImageSwiftUI" */ = {
			isa = XCRemoteSwiftPackageReference;
			repositoryURL = "https://github.com/SDWebImage/SDWebImageSwiftUI.git";
			requirement = {
				kind = upToNextMajorVersion;
				minimumVersion = 2.0.0;
			};
		};
		DABBC84429E330F10091AF7B /* XCRemoteSwiftPackageReference "Alamofire" */ = {
			isa = XCRemoteSwiftPackageReference;
			repositoryURL = "https://github.com/Alamofire/Alamofire.git";
			requirement = {
				kind = upToNextMajorVersion;
				minimumVersion = 5.0.0;
			};
		};
/* End XCRemoteSwiftPackageReference section */

/* Begin XCSwiftPackageProductDependency section */
		DA0F823829F2E060004641E0 /* SVGKit */ = {
			isa = XCSwiftPackageProductDependency;
			package = DA0F823729F2E05F004641E0 /* XCRemoteSwiftPackageReference "SVGKit" */;
			productName = SVGKit;
		};
		DA0F823A29F2E060004641E0 /* SVGKitSwift */ = {
			isa = XCSwiftPackageProductDependency;
			package = DA0F823729F2E05F004641E0 /* XCRemoteSwiftPackageReference "SVGKit" */;
			productName = SVGKitSwift;
		};
		DA0F823D29F2E5CE004641E0 /* SDWebImageSwiftUI */ = {
			isa = XCSwiftPackageProductDependency;
			package = DA0F823C29F2E5CE004641E0 /* XCRemoteSwiftPackageReference "SDWebImageSwiftUI" */;
			productName = SDWebImageSwiftUI;
		};
		DABBC84529E330F10091AF7B /* Alamofire */ = {
			isa = XCSwiftPackageProductDependency;
			package = DABBC84429E330F10091AF7B /* XCRemoteSwiftPackageReference "Alamofire" */;
			productName = Alamofire;
		};
/* End XCSwiftPackageProductDependency section */
	};
	rootObject = DABBC82929E2FAB00091AF7B /* Project object */;
}
